<?xml version="1.0" encoding="utf-8"?>
<Project ToolsVersion="4.0" xmlns="http://schemas.microsoft.com/developer/msbuild/2003">
  <ItemGroup>
    <Filter Include="Source Files">
      <UniqueIdentifier>{7fbfb891-10d2-495d-83de-a96ea9dd2371}</UniqueIdentifier>
      <Extensions>cpp;c;cxx;rc;def;r;odl;idl;hpj;bat</Extensions>
    </Filter>
    <Filter Include="Header Files">
      <UniqueIdentifier>{311824a1-1925-4f4c-b055-3f4b4acf65ac}</UniqueIdentifier>
      <Extensions>h;hpp;hxx;hm;inl</Extensions>
    </Filter>
    <Filter Include="Resource Files">
      <UniqueIdentifier>{b4b45f01-a390-401c-bd5d-7bdc1ec734b0}</UniqueIdentifier>
      <Extensions>ico;cur;bmp;dlg;rc2;rct;bin;rgs;gif;jpg;jpeg;jpe</Extensions>
    </Filter>
  </ItemGroup>
  <ItemGroup>
    <ResourceCompile Include="gameranger.rc">
      <Filter>Source Files</Filter>
    </ResourceCompile>
  </ItemGroup>
  <ItemGroup>
    <ClCompile Include="src\GRApplication.cpp">
      <Filter>Source Files</Filter>
    </ClCompile>
    <ClCompile Include="src\GRChangeIconWindow.cpp">
      <Filter>Source Files</Filter>
    </ClCompile>
    <ClCompile Include="src\GRChangeMyGames.cpp">
      <Filter>Source Files</Filter>
    </ClCompile>
    <ClCompile Include="src\GRClientAuth.cpp">
      <Filter>Source Files</Filter>
    </ClCompile>
    <ClCompile Include="src\GRConnecStatusWindow.cpp">
      <Filter>Source Files</Filter>
    </ClCompile>
    <ClCompile Include="src\GRConnection.cpp">
      <Filter>Source Files</Filter>
    </ClCompile>
    <ClCompile Include="src\GRErrorParser.cpp">
      <Filter>Source Files</Filter>
    </ClCompile>
    <ClCompile Include="src\GRFindPlayerWindow.cpp">
      <Filter>Source Files</Filter>
    </ClCompile>
    <ClCompile Include="src\GRGameManager.cpp">
      <Filter>Source Files</Filter>
    </ClCompile>
    <ClCompile Include="src\GRGameParser.cpp">
      <Filter>Source Files</Filter>
    </ClCompile>
    <ClCompile Include="src\GRGameRoom.cpp">
      <Filter>Source Files</Filter>
    </ClCompile>
    <ClCompile Include="src\GRGameRoomWindow.cpp">
      <Filter>Source Files</Filter>
    </ClCompile>
    <ClCompile Include="src\GRHostWindow.cpp">
      <Filter>Source Files</Filter>
    </ClCompile>
    <ClCompile Include="src\GRIcon.cpp">
      <Filter>Source Files</Filter>
    </ClCompile>
    <ClCompile Include="src\GRIconCache.cpp">
      <Filter>Source Files</Filter>
    </ClCompile>
    <ClCompile Include="src\GRLobby.cpp">
      <Filter>Source Files</Filter>
    </ClCompile>
    <ClCompile Include="src\GRLobbyManager.cpp">
      <Filter>Source Files</Filter>
    </ClCompile>
    <ClCompile Include="src\GRLobbyParser.cpp">
      <Filter>Source Files</Filter>
    </ClCompile>
    <ClCompile Include="src\GRLogger.cpp">
      <Filter>Source Files</Filter>
    </ClCompile>
    <ClCompile Include="src\GRLoginParser.cpp">
      <Filter>Source Files</Filter>
    </ClCompile>
    <ClCompile Include="src\GRLoginWindow.cpp">
      <Filter>Source Files</Filter>
    </ClCompile>
    <ClCompile Include="src\GRLogWindow.cpp">
      <Filter>Source Files</Filter>
    </ClCompile>
    <ClCompile Include="src\GRMainConnection.cpp">
      <Filter>Source Files</Filter>
    </ClCompile>
    <ClCompile Include="src\GRMainWindow.cpp">
      <Filter>Source Files</Filter>
    </ClCompile>
    <ClCompile Include="src\GRPlugin.cpp">
      <Filter>Source Files</Filter>
    </ClCompile>
    <ClCompile Include="src\GRPluginManager.cpp">
      <Filter>Source Files</Filter>
    </ClCompile>
    <ClCompile Include="src\GRPremiumUserInfo.cpp">
      <Filter>Source Files</Filter>
    </ClCompile>
    <ClCompile Include="src\GRPremiumUserInfoWindow.cpp">
      <Filter>Source Files</Filter>
    </ClCompile>
    <ClCompile Include="src\GRPrivateMessage.cpp">
      <Filter>Source Files</Filter>
    </ClCompile>
    <ClCompile Include="src\GRProfile.cpp">
      <Filter>Source Files</Filter>
    </ClCompile>
    <ClCompile Include="src\GRProfileManager.cpp">
      <Filter>Source Files</Filter>
    </ClCompile>
    <ClCompile Include="src\GRRegWindow.cpp">
      <Filter>Source Files</Filter>
    </ClCompile>
    <ClCompile Include="src\GRSecurity.cpp">
      <Filter>Source Files</Filter>
    </ClCompile>
    <ClCompile Include="src\GRUser.cpp">
      <Filter>Source Files</Filter>
    </ClCompile>
    <ClCompile Include="src\GRUserInfo.cpp">
      <Filter>Source Files</Filter>
    </ClCompile>
    <ClCompile Include="src\GRUserInfoWindow.cpp">
      <Filter>Source Files</Filter>
    </ClCompile>
    <ClCompile Include="src\GRUtil.cpp">
      <Filter>Source Files</Filter>
    </ClCompile>
    <ClCompile Include="src\Main.cpp">
      <Filter>Source Files</Filter>
    </ClCompile>
  </ItemGroup>
  <ItemGroup>
    <ClInclude Include="src\GRApplication.h">
      <Filter>Header Files</Filter>
    </ClInclude>
    <ClInclude Include="src\GRBaseDefs.h">
      <Filter>Header Files</Filter>
    </ClInclude>
    <ClInclude Include="src\GRChangeIconWindow.h">
      <Filter>Header Files</Filter>
    </ClInclude>
    <ClInclude Include="src\GRChangeMyGames.h">
      <Filter>Header Files</Filter>
    </ClInclude>
    <ClInclude Include="src\GRClientAuth.h">
      <Filter>Header Files</Filter>
    </ClInclude>
    <ClInclude Include="src\GRConnection.h">
      <Filter>Header Files</Filter>
    </ClInclude>
    <ClInclude Include="src\GRConnectStatusWindow.h">
      <Filter>Header Files</Filter>
    </ClInclude>
    <ClInclude Include="src\GRErrorParser.h">
      <Filter>Header Files</Filter>
    </ClInclude>
    <ClInclude Include="src\GRFindPlayerWindow.h">
      <Filter>Header Files</Filter>
    </ClInclude>
    <ClInclude Include="src\GRGameManager.h">
      <Filter>Header Files</Filter>
    </ClInclude>
    <ClInclude Include="src\GRGameParser.h">
      <Filter>Header Files</Filter>
    </ClInclude>
    <ClInclude Include="src\GRGameRoom.h">
      <Filter>Header Files</Filter>
    </ClInclude>
    <ClInclude Include="src\GRGameRoomWindow.h">
      <Filter>Header Files</Filter>
    </ClInclude>
    <ClInclude Include="src\GRHostWindow.h">
      <Filter>Header Files</Filter>
    </ClInclude>
    <ClInclude Include="src\GRIcon.h">
      <Filter>Header Files</Filter>
    </ClInclude>
    <ClInclude Include="src\GRIconCache.h">
      <Filter>Header Files</Filter>
    </ClInclude>
    <ClInclude Include="src\GRLobby.h">
      <Filter>Header Files</Filter>
    </ClInclude>
    <ClInclude Include="src\GRLobbyManager.h">
      <Filter>Header Files</Filter>
    </ClInclude>
    <ClInclude Include="src\GRLobbyParser.h">
      <Filter>Header Files</Filter>
    </ClInclude>
    <ClInclude Include="src\GRLogger.h">
      <Filter>Header Files</Filter>
    </ClInclude>
    <ClInclude Include="src\GRLoginParser.h">
      <Filter>Header Files</Filter>
    </ClInclude>
    <ClInclude Include="src\GRLoginWindow.h">
      <Filter>Header Files</Filter>
    </ClInclude>
    <ClInclude Include="src\GRLogWindow.h">
      <Filter>Header Files</Filter>
    </ClInclude>
    <ClInclude Include="src\GRMainConnection.h">
      <Filter>Header Files</Filter>
    </ClInclude>
    <ClInclude Include="src\GRMainWindow.h">
      <Filter>Header Files</Filter>
    </ClInclude>
    <ClInclude Include="src\GRPlugin.h">
      <Filter>Header Files</Filter>
    </ClInclude>
    <ClInclude Include="src\GRPluginManager.h">
      <Filter>Header Files</Filter>
    </ClInclude>
    <ClInclude Include="src\GRPremiumUserInfo.h">
      <Filter>Header Files</Filter>
    </ClInclude>
    <ClInclude Include="src\GRPremiumUserInfoWindow.h">
      <Filter>Header Files</Filter>
    </ClInclude>
    <ClInclude Include="src\GRPrivateMessage.h">
      <Filter>Header Files</Filter>
    </ClInclude>
    <ClInclude Include="src\GRProfile.h">
      <Filter>Header Files</Filter>
    </ClInclude>
    <ClInclude Include="src\GRProfileManager.h">
      <Filter>Header Files</Filter>
    </ClInclude>
    <ClInclude Include="src\GRProtocol.h">
      <Filter>Header Files</Filter>
    </ClInclude>
    <ClInclude Include="src\GRRegWindow.h">
      <Filter>Header Files</Filter>
    </ClInclude>
    <ClInclude Include="src\GRSecurity.h">
      <Filter>Header Files</Filter>
    </ClInclude>
    <ClInclude Include="src\GRUser.h">
      <Filter>Header Files</Filter>
    </ClInclude>
    <ClInclude Include="src\GRUserInfo.h">
      <Filter>Header Files</Filter>
    </ClInclude>
    <ClInclude Include="src\GRUserInfoWindow.h">
      <Filter>Header Files</Filter>
    </ClInclude>
    <ClInclude Include="src\GRUtil.h">
      <Filter>Header Files</Filter>
    </ClInclude>
    <ClInclude Include="src\Main.h">
      <Filter>Header Files</Filter>
    </ClInclude>
    <ClInclude Include="resource.h">
      <Filter>Header Files</Filter>
    </ClInclude>
    <ClInclude Include="resource1.h">
      <Filter>Header Files</Filter>
    </ClInclude>
  </ItemGroup>
  <ItemGroup>
    <Text Include="CHANGE_LOG.txt" />
    <Text Include="TODO.txt" />
  </ItemGroup>
  <ItemGroup>
    <CustomBuild Include="makefile" />
    <CustomBuild Include="makefile.gtk" />
    <CustomBuild Include="makefile.mtf" />
  </ItemGroup>
</Project>